{
  "name": "jwchat",
  "version": "0.2.49",
  "lockfileVersion": 1,
  "requires": true,
  "dependencies": {
    "wechat-emoji-parser": {
      "version": "1.0.4",
      "resolved": "https://registry.npmjs.org/wechat-emoji-parser/-/wechat-emoji-parser-1.0.4.tgz",
      "integrity": "sha512-MwXcWVVcADvPNgSOrxV7rz8rVzkOeqh+OKLF4BfXCyWV1lYRqehIKC7+8da9bGJvG45qmxU921+6FaluzsaYAQ=="
    }
  }
}
